// !$*UTF8*$!
{
	archiveVersion = 1;
	classes = {
	};
	objectVersion = 56;
	objects = {

/* Begin PBXBuildFile section */
		F170455029B678D1003B24A3 /* AppSwiftUIApp.swift in Sources */ = {isa = PBXBuildFile; fileRef = F170454F29B678D1003B24A3 /* AppSwiftUIApp.swift */; };
		F170455229B678D1003B24A3 /* FriendsList.swift in Sources */ = {isa = PBXBuildFile; fileRef = F170455129B678D1003B24A3 /* FriendsList.swift */; };
		F170455429B678D3003B24A3 /* Assets.xcassets in Resources */ = {isa = PBXBuildFile; fileRef = F170455329B678D3003B24A3 /* Assets.xcassets */; };
		F170455729B678D3003B24A3 /* Preview Assets.xcassets in Resources */ = {isa = PBXBuildFile; fileRef = F170455629B678D3003B24A3 /* Preview Assets.xcassets */; };
		F170455F29B67C41003B24A3 /* TopView.swift in Sources */ = {isa = PBXBuildFile; fileRef = F170455E29B67C41003B24A3 /* TopView.swift */; };
		F170456129B684E8003B24A3 /* Cell.swift in Sources */ = {isa = PBXBuildFile; fileRef = F170456029B684E8003B24A3 /* Cell.swift */; };
		F170456429B68855003B24A3 /* Data.swift in Sources */ = {isa = PBXBuildFile; fileRef = F170456229B68854003B24A3 /* Data.swift */; };
		F170456529B68855003B24A3 /* UserResponse.swift in Sources */ = {isa = PBXBuildFile; fileRef = F170456329B68855003B24A3 /* UserResponse.swift */; };
		F170456729B68891003B24A3 /* userModelData.json in Resources */ = {isa = PBXBuildFile; fileRef = F170456629B68891003B24A3 /* userModelData.json */; };
		F196C4C429BE651600FE1555 /* coursesModelData.json in Resources */ = {isa = PBXBuildFile; fileRef = F196C4C329BE651600FE1555 /* coursesModelData.json */; };
		F196C4C629BE654100FE1555 /* ProductsResponse.swift in Sources */ = {isa = PBXBuildFile; fileRef = F196C4C529BE654100FE1555 /* ProductsResponse.swift */; };
		F196C4C829BE691200FE1555 /* ContentView.swift in Sources */ = {isa = PBXBuildFile; fileRef = F196C4C729BE691200FE1555 /* ContentView.swift */; };
/* End PBXBuildFile section */

/* Begin PBXFileReference section */
		F170454C29B678D1003B24A3 /* AppSwiftUI.app */ = {isa = PBXFileReference; explicitFileType = wrapper.application; includeInIndex = 0; path = AppSwiftUI.app; sourceTree = BUILT_PRODUCTS_DIR; };
		F170454F29B678D1003B24A3 /* AppSwiftUIApp.swift */ = {isa = PBXFileReference; lastKnownFileType = sourcecode.swift; path = AppSwiftUIApp.swift; sourceTree = "<group>"; };
		F170455129B678D1003B24A3 /* FriendsList.swift */ = {isa = PBXFileReference; lastKnownFileType = sourcecode.swift; path = FriendsList.swift; sourceTree = "<group>"; };
		F170455329B678D3003B24A3 /* Assets.xcassets */ = {isa = PBXFileReference; lastKnownFileType = folder.assetcatalog; path = Assets.xcassets; sourceTree = "<group>"; };
		F170455629B678D3003B24A3 /* Preview Assets.xcassets */ = {isa = PBXFileReference; lastKnownFileType = folder.assetcatalog; path = "Preview Assets.xcassets"; sourceTree = "<group>"; };
		F170455D29B67900003B24A3 /* Info.plist */ = {isa = PBXFileReference; lastKnownFileType = text.plist; path = Info.plist; sourceTree = "<group>"; };
		F170455E29B67C41003B24A3 /* TopView.swift */ = {isa = PBXFileReference; lastKnownFileType = sourcecode.swift; path = TopView.swift; sourceTree = "<group>"; };
		F170456029B684E8003B24A3 /* Cell.swift */ = {isa = PBXFileReference; lastKnownFileType = sourcecode.swift; path = Cell.swift; sourceTree = "<group>"; };
		F170456229B68854003B24A3 /* Data.swift */ = {isa = PBXFileReference; fileEncoding = 4; lastKnownFileType = sourcecode.swift; path = Data.swift; sourceTree = "<group>"; };
		F170456329B68855003B24A3 /* UserResponse.swift */ = {isa = PBXFileReference; fileEncoding = 4; lastKnownFileType = sourcecode.swift; path = UserResponse.swift; sourceTree = "<group>"; };
		F170456629B68891003B24A3 /* userModelData.json */ = {isa = PBXFileReference; fileEncoding = 4; lastKnownFileType = text.json; path = userModelData.json; sourceTree = "<group>"; };
		F196C4C329BE651600FE1555 /* coursesModelData.json */ = {isa = PBXFileReference; fileEncoding = 4; lastKnownFileType = text.json; path = coursesModelData.json; sourceTree = "<group>"; };
		F196C4C529BE654100FE1555 /* ProductsResponse.swift */ = {isa = PBXFileReference; lastKnownFileType = sourcecode.swift; path = ProductsResponse.swift; sourceTree = "<group>"; };
		F196C4C729BE691200FE1555 /* ContentView.swift */ = {isa = PBXFileReference; lastKnownFileType = sourcecode.swift; path = ContentView.swift; sourceTree = "<group>"; };
/* End PBXFileReference section */

/* Begin PBXFrameworksBuildPhase section */
		F170454929B678D1003B24A3 /* Frameworks */ = {
			isa = PBXFrameworksBuildPhase;
			buildActionMask = 2147483647;
			files = (
			);
			runOnlyForDeploymentPostprocessing = 0;
		};
/* End PBXFrameworksBuildPhase section */

/* Begin PBXGroup section */
		F170454329B678D1003B24A3 = {
			isa = PBXGroup;
			children = (
				F170454E29B678D1003B24A3 /* AppSwiftUI */,
				F170454D29B678D1003B24A3 /* Products */,
			);
			sourceTree = "<group>";
		};
		F170454D29B678D1003B24A3 /* Products */ = {
			isa = PBXGroup;
			children = (
				F170454C29B678D1003B24A3 /* AppSwiftUI.app */,
			);
			name = Products;
			sourceTree = "<group>";
		};
		F170454E29B678D1003B24A3 /* AppSwiftUI */ = {
			isa = PBXGroup;
			children = (
				F170454F29B678D1003B24A3 /* AppSwiftUIApp.swift */,
				F170455129B678D1003B24A3 /* FriendsList.swift */,
				F196C4C729BE691200FE1555 /* ContentView.swift */,
				F170455E29B67C41003B24A3 /* TopView.swift */,
				F170456029B684E8003B24A3 /* Cell.swift */,
				F170456229B68854003B24A3 /* Data.swift */,
				F170456329B68855003B24A3 /* UserResponse.swift */,
				F196C4C529BE654100FE1555 /* ProductsResponse.swift */,
				F170456629B68891003B24A3 /* userModelData.json */,
				F196C4C329BE651600FE1555 /* coursesModelData.json */,
				F170455329B678D3003B24A3 /* Assets.xcassets */,
				F170455D29B67900003B24A3 /* Info.plist */,
				F170455529B678D3003B24A3 /* Preview Content */,
			);
			path = AppSwiftUI;
			sourceTree = "<group>";
		};
		F170455529B678D3003B24A3 /* Preview Content */ = {
			isa = PBXGroup;
			children = (
				F170455629B678D3003B24A3 /* Preview Assets.xcassets */,
			);
			path = "Preview Content";
			sourceTree = "<group>";
		};
/* End PBXGroup section */

/* Begin PBXNativeTarget section */
		F170454B29B678D1003B24A3 /* AppSwiftUI */ = {
			isa = PBXNativeTarget;
			buildConfigurationList = F170455A29B678D3003B24A3 /* Build configuration list for PBXNativeTarget "AppSwiftUI" */;
			buildPhases = (
				F170454829B678D1003B24A3 /* Sources */,
				F170454929B678D1003B24A3 /* Frameworks */,
				F170454A29B678D1003B24A3 /* Resources */,
			);
			buildRules = (
			);
			dependencies = (
			);
			name = AppSwiftUI;
			productName = AppSwiftUI;
			productReference = F170454C29B678D1003B24A3 /* AppSwiftUI.app */;
			productType = "com.apple.product-type.application";
		};
/* End PBXNativeTarget section */

/* Begin PBXProject section */
		F170454429B678D1003B24A3 /* Project object */ = {
			isa = PBXProject;
			attributes = {
				BuildIndependentTargetsInParallel = 1;
				LastSwiftUpdateCheck = 1420;
				LastUpgradeCheck = 1420;
				TargetAttributes = {
					F170454B29B678D1003B24A3 = {
						CreatedOnToolsVersion = 14.2;
					};
				};
			};
			buildConfigurationList = F170454729B678D1003B24A3 /* Build configuration list for PBXProject "AppSwiftUI" */;
			compatibilityVersion = "Xcode 14.0";
			developmentRegion = en;
			hasScannedForEncodings = 0;
			knownRegions = (
				en,
				Base,
			);
			mainGroup = F170454329B678D1003B24A3;
			productRefGroup = F170454D29B678D1003B24A3 /* Products */;
			projectDirPath = "";
			projectRoot = "";
			targets = (
				F170454B29B678D1003B24A3 /* AppSwiftUI */,
			);
		};
/* End PBXProject section */

/* Begin PBXResourcesBuildPhase section */
		F170454A29B678D1003B24A3 /* Resources */ = {
			isa = PBXResourcesBuildPhase;
			buildActionMask = 2147483647;
			files = (
				F196C4C429BE651600FE1555 /* coursesModelData.json in Resources */,
				F170456729B68891003B24A3 /* userModelData.json in Resources */,
				F170455729B678D3003B24A3 /* Preview Assets.xcassets in Resources */,
				F170455429B678D3003B24A3 /* Assets.xcassets in Resources */,
			);
			runOnlyForDeploymentPostprocessing = 0;
		};
/* End PBXResourcesBuildPhase section */

/* Begin PBXSourcesBuildPhase section */
		F170454829B678D1003B24A3 /* Sources */ = {
			isa = PBXSourcesBuildPhase;
			buildActionMask = 2147483647;
			files = (
				F170455229B678D1003B24A3 /* FriendsList.swift in Sources */,
				F170456429B68855003B24A3 /* Data.swift in Sources */,
				F196C4C829BE691200FE1555 /* ContentView.swift in Sources */,
				F196C4C629BE654100FE1555 /* ProductsResponse.swift in Sources */,
				F170456129B684E8003B24A3 /* Cell.swift in Sources */,
				F170455F29B67C41003B24A3 /* TopView.swift in Sources */,
				F170455029B678D1003B24A3 /* AppSwiftUIApp.swift in Sources */,
				F170456529B68855003B24A3 /* UserResponse.swift in Sources */,
			);
			runOnlyForDeploymentPostprocessing = 0;
		};
/* End PBXSourcesBuildPhase section */

/* Begin XCBuildConfiguration section */
		F170455829B678D3003B24A3 /* Debug */ = {
			isa = XCBuildConfiguration;
			buildSettings = {
				ALWAYS_SEARCH_USER_PATHS = NO;
				CLANG_ANALYZER_NONNULL = YES;
				CLANG_ANALYZER_NUMBER_OBJECT_CONVERSION = YES_AGGRESSIVE;
				CLANG_CXX_LANGUAGE_STANDARD = "gnu++20";
				CLANG_ENABLE_MODULES = YES;
				CLANG_ENABLE_OBJC_ARC = YES;
				CLANG_ENABLE_OBJC_WEAK = YES;
				CLANG_WARN_BLOCK_CAPTURE_AUTORELEASING = YES;
				CLANG_WARN_BOOL_CONVERSION = YES;
				CLANG_WARN_COMMA = YES;
				CLANG_WARN_CONSTANT_CONVERSION = YES;
				CLANG_WARN_DEPRECATED_OBJC_IMPLEMENTATIONS = YES;
				CLANG_WARN_DIRECT_OBJC_ISA_USAGE = YES_ERROR;
				CLANG_WARN_DOCUMENTATION_COMMENTS = YES;
				CLANG_WARN_EMPTY_BODY = YES;
				CLANG_WARN_ENUM_CONVERSION = YES;
				CLANG_WARN_INFINITE_RECURSION = YES;
				CLANG_WARN_INT_CONVERSION = YES;
				CLANG_WARN_NON_LITERAL_NULL_CONVERSION = YES;
				CLANG_WARN_OBJC_IMPLICIT_RETAIN_SELF = YES;
				CLANG_WARN_OBJC_LITERAL_CONVERSION = YES;
				CLANG_WARN_OBJC_ROOT_CLASS = YES_ERROR;
				CLANG_WARN_QUOTED_INCLUDE_IN_FRAMEWORK_HEADER = YES;
				CLANG_WARN_RANGE_LOOP_ANALYSIS = YES;
				CLANG_WARN_STRICT_PROTOTYPES = YES;
				CLANG_WARN_SUSPICIOUS_MOVE = YES;
				CLANG_WARN_UNGUARDED_AVAILABILITY = YES_AGGRESSIVE;
				CLANG_WARN_UNREACHABLE_CODE = YES;
				CLANG_WARN__DUPLICATE_METHOD_MATCH = YES;
				COPY_PHASE_STRIP = NO;
				DEBUG_INFORMATION_FORMAT = dwarf;
				ENABLE_STRICT_OBJC_MSGSEND = YES;
				ENABLE_TESTABILITY = YES;
				GCC_C_LANGUAGE_STANDARD = gnu11;
				GCC_DYNAMIC_NO_PIC = NO;
				GCC_NO_COMMON_BLOCKS = YES;
				GCC_OPTIMIZATION_LEVEL = 0;
				GCC_PREPROCESSOR_DEFINITIONS = (
					"DEBUG=1",
					"$(inherited)",
				);
				GCC_WARN_64_TO_32_BIT_CONVERSION = YES;
				GCC_WARN_ABOUT_RETURN_TYPE = YES_ERROR;
				GCC_WARN_UNDECLARED_SELECTOR = YES;
				GCC_WARN_UNINITIALIZED_AUTOS = YES_AGGRESSIVE;
				GCC_WARN_UNUSED_FUNCTION = YES;
				GCC_WARN_UNUSED_VARIABLE = YES;
				IPHONEOS_DEPLOYMENT_TARGET = 16.2;
				MTL_ENABLE_DEBUG_INFO = INCLUDE_SOURCE;
				MTL_FAST_MATH = YES;
				ONLY_ACTIVE_ARCH = YES;
				SDKROOT = iphoneos;
				SWIFT_ACTIVE_COMPILATION_CONDITIONS = DEBUG;
				SWIFT_OPTIMIZATION_LEVEL = "-Onone";
			};
			name = Debug;
		};
		F170455929B678D3003B24A3 /* Release */ = {
			isa = XCBuildConfiguration;
			buildSettings = {
				ALWAYS_SEARCH_USER_PATHS = NO;
				CLANG_ANALYZER_NONNULL = YES;
				CLANG_ANALYZER_NUMBER_OBJECT_CONVERSION = YES_AGGRESSIVE;
				CLANG_CXX_LANGUAGE_STANDARD = "gnu++20";
				CLANG_ENABLE_MODULES = YES;
				CLANG_ENABLE_OBJC_ARC = YES;
				CLANG_ENABLE_OBJC_WEAK = YES;
				CLANG_WARN_BLOCK_CAPTURE_AUTORELEASING = YES;
				CLANG_WARN_BOOL_CONVERSION = YES;
				CLANG_WARN_COMMA = YES;
				CLANG_WARN_CONSTANT_CONVERSION = YES;
				CLANG_WARN_DEPRECATED_OBJC_IMPLEMENTATIONS = YES;
				CLANG_WARN_DIRECT_OBJC_ISA_USAGE = YES_ERROR;
				CLANG_WARN_DOCUMENTATION_COMMENTS = YES;
				CLANG_WARN_EMPTY_BODY = YES;
				CLANG_WARN_ENUM_CONVERSION = YES;
				CLANG_WARN_INFINITE_RECURSION = YES;
				CLANG_WARN_INT_CONVERSION = YES;
				CLANG_WARN_NON_LITERAL_NULL_CONVERSION = YES;
				CLANG_WARN_OBJC_IMPLICIT_RETAIN_SELF = YES;
				CLANG_WARN_OBJC_LITERAL_CONVERSION = YES;
				CLANG_WARN_OBJC_ROOT_CLASS = YES_ERROR;
				CLANG_WARN_QUOTED_INCLUDE_IN_FRAMEWORK_HEADER = YES;
				CLANG_WARN_RANGE_LOOP_ANALYSIS = YES;
				CLANG_WARN_STRICT_PROTOTYPES = YES;
				CLANG_WARN_SUSPICIOUS_MOVE = YES;
				CLANG_WARN_UNGUARDED_AVAILABILITY = YES_AGGRESSIVE;
				CLANG_WARN_UNREACHABLE_CODE = YES;
				CLANG_WARN__DUPLICATE_METHOD_MATCH = YES;
				COPY_PHASE_STRIP = NO;
				DEBUG_INFORMATION_FORMAT = "dwarf-with-dsym";
				ENABLE_NS_ASSERTIONS = NO;
				ENABLE_STRICT_OBJC_MSGSEND = YES;
				GCC_C_LANGUAGE_STANDARD = gnu11;
				GCC_NO_COMMON_BLOCKS = YES;
				GCC_WARN_64_TO_32_BIT_CONVERSION = YES;
				GCC_WARN_ABOUT_RETURN_TYPE = YES_ERROR;
				GCC_WARN_UNDECLARED_SELECTOR = YES;
				GCC_WARN_UNINITIALIZED_AUTOS = YES_AGGRESSIVE;
				GCC_WARN_UNUSED_FUNCTION = YES;
				GCC_WARN_UNUSED_VARIABLE = YES;
				IPHONEOS_DEPLOYMENT_TARGET = 16.2;
				MTL_ENABLE_DEBUG_INFO = NO;
				MTL_FAST_MATH = YES;
				SDKROOT = iphoneos;
				SWIFT_COMPILATION_MODE = wholemodule;
				SWIFT_OPTIMIZATION_LEVEL = "-O";
				VALIDATE_PRODUCT = YES;
			};
			name = Release;
		};
		F170455B29B678D3003B24A3 /* Debug */ = {
			isa = XCBuildConfiguration;
			buildSettings = {
				ASSETCATALOG_COMPILER_APPICON_NAME = AppIcon;
				ASSETCATALOG_COMPILER_GLOBAL_ACCENT_COLOR_NAME = AccentColor;
				CODE_SIGN_STYLE = Automatic;
				CURRENT_PROJECT_VERSION = 1;
				DEVELOPMENT_ASSET_PATHS = "\"AppSwiftUI/Preview Content\"";
				DEVELOPMENT_TEAM = 7J4GDFSRND;
				ENABLE_PREVIEWS = YES;
				GENERATE_INFOPLIST_FILE = YES;
				INFOPLIST_FILE = AppSwiftUI/Info.plist;
				INFOPLIST_KEY_UIApplicationSupportsIndirectInputEvents = YES;
				INFOPLIST_KEY_UILaunchScreen_Generation = YES;
				INFOPLIST_KEY_UISupportedInterfaceOrientations_iPad = "UIInterfaceOrientationPortrait UIInterfaceOrientationPortraitUpsideDown UIInterfaceOrientationLandscapeLeft UIInterfaceOrientationLandscapeRight";
				INFOPLIST_KEY_UISupportedInterfaceOrientations_iPhone = "UIInterfaceOrientationPortrait UIInterfaceOrientationLandscapeLeft UIInterfaceOrientationLandscapeRight";
				LD_RUNPATH_SEARCH_PATHS = (
					"$(inherited)",
					"@executable_path/Frameworks",
				);
				MARKETING_VERSION = 1.0;
				PRODUCT_BUNDLE_IDENTIFIER = test.AppSwiftUI;
				PRODUCT_NAME = "$(TARGET_NAME)";
				SWIFT_EMIT_LOC_STRINGS = YES;
				SWIFT_VERSION = 5.0;
				TARGETED_DEVICE_FAMILY = "1,2";
			};
			name = Debug;
		};
		F170455C29B678D3003B24A3 /* Release */ = {
			isa = XCBuildConfiguration;
			buildSettings = {
				ASSETCATALOG_COMPILER_APPICON_NAME = AppIcon;
				ASSETCATALOG_COMPILER_GLOBAL_ACCENT_COLOR_NAME = AccentColor;
				CODE_SIGN_STYLE = Automatic;
				CURRENT_PROJECT_VERSION = 1;
				DEVELOPMENT_ASSET_PATHS = "\"AppSwiftUI/Preview Content\"";
				DEVELOPMENT_TEAM = 7J4GDFSRND;
				ENABLE_PREVIEWS = YES;
				GENERATE_INFOPLIST_FILE = YES;
				INFOPLIST_FILE = AppSwiftUI/Info.plist;
				INFOPLIST_KEY_UIApplicationSupportsIndirectInputEvents = YES;
				INFOPLIST_KEY_UILaunchScreen_Generation = YES;
				INFOPLIST_KEY_UISupportedInterfaceOrientations_iPad = "UIInterfaceOrientationPortrait UIInterfaceOrientationPortraitUpsideDown UIInterfaceOrientationLandscapeLeft UIInterfaceOrientationLandscapeRight";
				INFOPLIST_KEY_UISupportedInterfaceOrientations_iPhone = "UIInterfaceOrientationPortrait UIInterfaceOrientationLandscapeLeft UIInterfaceOrientationLandscapeRight";
				LD_RUNPATH_SEARCH_PATHS = (
					"$(inherited)",
					"@executable_path/Frameworks",
				);
				MARKETING_VERSION = 1.0;
				PRODUCT_BUNDLE_IDENTIFIER = test.AppSwiftUI;
				PRODUCT_NAME = "$(TARGET_NAME)";
				SWIFT_EMIT_LOC_STRINGS = YES;
				SWIFT_VERSION = 5.0;
				TARGETED_DEVICE_FAMILY = "1,2";
			};
			name = Release;
		};
/* End XCBuildConfiguration section */

/* Begin XCConfigurationList section */
		F170454729B678D1003B24A3 /* Build configuration list for PBXProject "AppSwiftUI" */ = {
			isa = XCConfigurationList;
			buildConfigurations = (
				F170455829B678D3003B24A3 /* Debug */,
				F170455929B678D3003B24A3 /* Release */,
			);
			defaultConfigurationIsVisible = 0;
			defaultConfigurationName = Release;
		};
		F170455A29B678D3003B24A3 /* Build configuration list for PBXNativeTarget "AppSwiftUI" */ = {
			isa = XCConfigurationList;
			buildConfigurations = (
				F170455B29B678D3003B24A3 /* Debug */,
				F170455C29B678D3003B24A3 /* Release */,
			);
			defaultConfigurationIsVisible = 0;
			defaultConfigurationName = Release;
		};
/* End XCConfigurationList section */
	};
	rootObject = F170454429B678D1003B24A3 /* Project object */;
}
